github.com/jinzhu/inflection v1.0.0 h1:K317FqzuhWc8YvSVlFMCCUb36O/S9MCKRDI7QkRKD/E=
github.com/jinzhu/inflection v1.0.0/go.mod h1:h+uFLlag+Qp1Va5pdKtLDYj+kHp5pxUVkryuEj+Srlc=
github.com/jinzhu/now v1.1.1/go.mod h1:d3SSVoowX0Lcu0IBviAWJpolVfI5UJVZZ7cO71lE/z8=
github.com/jinzhu/now v1.1.4 h1:tHnRBy1i5F2Dh8BAFxqFzxKqqvezXrL2OW1TnX+Mlas=
github.com/jinzhu/now v1.1.4/go.mod h1:d3SSVoowX0Lcu0IBviAWJpolVfI5UJVZZ7cO71lE/z8=
github.com/mattn/go-sqlite3 v1.14.3 h1:j7a/xn1U6TKA/PHHxqZuzh64CdtRc7rU9M+AvkOl5bA=
github.com/mattn/go-sqlite3 v1.14.3/go.mod h1:WVKg1VTActs4Qso6iwGbiFih2UIHo0ENGwNd0Lj+XmI=
gorm.io/driver/sqlite v1.1.3 h1:BYfdVuZB5He/u9dt4qDpZqiqDJ6KhPqs5QUqsr/Eeuc=
gorm.io/driver/sqlite v1.1.3/go.mod h1:AKDgRWk8lcSQSw+9kxCJnX/yySj8G3rdwYlU57cB45c=
gorm.io/gorm v1.20.1/go.mod h1:0HFTzE/SqkGTzK6TlDPPQbAYCluiVvhzoA1+aVyzenw=
gorm.io/gorm v1.23.0 h1:PJoeMORIxD6yeVyiK97e2JPP4O4u8uOA467h4FJ7pMw=
gorm.io/gorm v1.23.0/go.mod h1:l2lP/RyAtc1ynaTjFksBde/O8v9oOGIApu2/xRitmZk=
